
Microsoft Visual Studio Solution File, Format Version 12.00
# Visual Studio Version 17
VisualStudioVersion = 17.14.36221.1
MinimumVisualStudioVersion = 10.0.40219.1
Project("{FAE04EC0-301F-11D3-BF4B-00C04F79EFBC}") = "Task1", "ConsoleApp1\Task1.csproj", "{1C690ED1-A648-44B2-B874-36BF96075AC0}"
EndProject
Project("{FAE04EC0-301F-11D3-BF4B-00C04F79EFBC}") = "Task2", "Task2\Task2.csproj", "{EADD788B-A8AC-4FB0-BC19-C86DEFA9159C}"
EndProject
Project("{FAE04EC0-301F-11D3-BF4B-00C04F79EFBC}") = "task3", "task3\task3.csproj", "{5B66D794-9E24-435F-AFC7-E3479359E5A6}"
EndProject
Global
	GlobalSection(SolutionConfigurationPlatforms) = preSolution
		Debug|Any CPU = Debug|Any CPU
		Release|Any CPU = Release|Any CPU
	EndGlobalSection
	GlobalSection(ProjectConfigurationPlatforms) = postSolution
		{1C690ED1-A648-44B2-B874-36BF96075AC0}.Debug|Any CPU.ActiveCfg = Debug|Any CPU
		{1C690ED1-A648-44B2-B874-36BF96075AC0}.Debug|Any CPU.Build.0 = Debug|Any CPU
		{1C690ED1-A648-44B2-B874-36BF96075AC0}.Release|Any CPU.ActiveCfg = Release|Any CPU
		{1C690ED1-A648-44B2-B874-36BF96075AC0}.Release|Any CPU.Build.0 = Release|Any CPU
		{EADD788B-A8AC-4FB0-BC19-C86DEFA9159C}.Debug|Any CPU.ActiveCfg = Debug|Any CPU
		{EADD788B-A8AC-4FB0-BC19-C86DEFA9159C}.Debug|Any CPU.Build.0 = Debug|Any CPU
		{EADD788B-A8AC-4FB0-BC19-C86DEFA9159C}.Release|Any CPU.ActiveCfg = Release|Any CPU
		{EADD788B-A8AC-4FB0-BC19-C86DEFA9159C}.Release|Any CPU.Build.0 = Release|Any CPU
		{5B66D794-9E24-435F-AFC7-E3479359E5A6}.Debug|Any CPU.ActiveCfg = Debug|Any CPU
		{5B66D794-9E24-435F-AFC7-E3479359E5A6}.Debug|Any CPU.Build.0 = Debug|Any CPU
		{5B66D794-9E24-435F-AFC7-E3479359E5A6}.Release|Any CPU.ActiveCfg = Release|Any CPU
		{5B66D794-9E24-435F-AFC7-E3479359E5A6}.Release|Any CPU.Build.0 = Release|Any CPU
	EndGlobalSection
	GlobalSection(SolutionProperties) = preSolution
		HideSolutionNode = FALSE
	EndGlobalSection
	GlobalSection(ExtensibilityGlobals) = postSolution
		SolutionGuid = {1E3D374B-E1B5-4E81-8E06-DBFB6F3787A1}
	EndGlobalSection
EndGlobal
